
Microsoft Visual Studio Solution File, Format Version 12.00
# Visual Studio 15
VisualStudioVersion = 15.0.28010.2046
MinimumVisualStudioVersion = 10.0.40219.1
Project("{FAE04EC0-301F-11D3-BF4B-00C04F79EFBC}") = "WebSocket", "WebSocket\WebSocket.csproj", "{EBCB3AD3-E3EB-4D2A-BCD5-6CF5D77BE56D}"
EndProject
Global
	GlobalSection(SolutionConfigurationPlatforms) = preSolution
		Debug|Any CPU = Debug|Any CPU
		Release|Any CPU = Release|Any CPU
	EndGlobalSection
	GlobalSection(ProjectConfigurationPlatforms) = postSolution
		{EBCB3AD3-E3EB-4D2A-BCD5-6CF5D77BE56D}.Debug|Any CPU.ActiveCfg = Debug|Any CPU
		{EBCB3AD3-E3EB-4D2A-BCD5-6CF5D77BE56D}.Debug|Any CPU.Build.0 = Debug|Any CPU
		{EBCB3AD3-E3EB-4D2A-BCD5-6CF5D77BE56D}.Release|Any CPU.ActiveCfg = Release|Any CPU
		{EBCB3AD3-E3EB-4D2A-BCD5-6CF5D77BE56D}.Release|Any CPU.Build.0 = Release|Any CPU
	EndGlobalSection
	GlobalSection(SolutionProperties) = preSolution
		HideSolutionNode = FALSE
	EndGlobalSection
	GlobalSection(ExtensibilityGlobals) = postSolution
		SolutionGuid = {A8F48ECA-E401-4466-B81A-1B0FCC4870FC}
	EndGlobalSection
EndGlobal
